
Microsoft Visual Studio Solution File, Format Version 12.00
# Visual Studio Version 17
VisualStudioVersion = 17.13.35825.156 d17.13
MinimumVisualStudioVersion = 10.0.40219.1
Project("{FAE04EC0-301F-11D3-BF4B-00C04F79EFBC}") = "WinFormsApp1", "WinFormsApp1.csproj", "{2C919B98-4398-4860-B850-5C6AB7D404EE}"
EndProject
Global
	GlobalSection(SolutionConfigurationPlatforms) = preSolution
		Debug|Any CPU = Debug|Any CPU
		Release|Any CPU = Release|Any CPU
	EndGlobalSection
	GlobalSection(ProjectConfigurationPlatforms) = postSolution
		{2C919B98-4398-4860-B850-5C6AB7D404EE}.Debug|Any CPU.ActiveCfg = Debug|Any CPU
		{2C919B98-4398-4860-B850-5C6AB7D404EE}.Debug|Any CPU.Build.0 = Debug|Any CPU
		{2C919B98-4398-4860-B850-5C6AB7D404EE}.Release|Any CPU.ActiveCfg = Release|Any CPU
		{2C919B98-4398-4860-B850-5C6AB7D404EE}.Release|Any CPU.Build.0 = Release|Any CPU
	EndGlobalSection
	GlobalSection(SolutionProperties) = preSolution
		HideSolutionNode = FALSE
	EndGlobalSection
	GlobalSection(ExtensibilityGlobals) = postSolution
		SolutionGuid = {0AAE0959-ECB0-498C-AE13-B60757DB8AD5}
	EndGlobalSection
EndGlobal
